
Microsoft Visual Studio Solution File, Format Version 12.00
# Visual Studio Version 17
VisualStudioVersion = 17.0.32014.148
MinimumVisualStudioVersion = 10.0.40219.1
Project("{FAE04EC0-301F-11D3-BF4B-00C04F79EFBC}") = "SortingStrategy", "SortingStrategy\SortingStrategy.csproj", "{670A93A8-BCD7-477A-89D5-478B12DDCF66}"
EndProject
Project("{FAE04EC0-301F-11D3-BF4B-00C04F79EFBC}") = "SortingStrategy.Tests", "SortingStrategy.Tests\SortingStrategy.Tests.csproj", "{7826C15E-2203-4E68-84FD-2B6F5B73DF1D}"
EndProject
Global
	GlobalSection(SolutionConfigurationPlatforms) = preSolution
		Debug|Any CPU = Debug|Any CPU
		Release|Any CPU = Release|Any CPU
	EndGlobalSection
	GlobalSection(ProjectConfigurationPlatforms) = postSolution
		{670A93A8-BCD7-477A-89D5-478B12DDCF66}.Debug|Any CPU.ActiveCfg = Debug|Any CPU
		{670A93A8-BCD7-477A-89D5-478B12DDCF66}.Debug|Any CPU.Build.0 = Debug|Any CPU
		{670A93A8-BCD7-477A-89D5-478B12DDCF66}.Release|Any CPU.ActiveCfg = Release|Any CPU
		{670A93A8-BCD7-477A-89D5-478B12DDCF66}.Release|Any CPU.Build.0 = Release|Any CPU
		{7826C15E-2203-4E68-84FD-2B6F5B73DF1D}.Debug|Any CPU.ActiveCfg = Debug|Any CPU
		{7826C15E-2203-4E68-84FD-2B6F5B73DF1D}.Debug|Any CPU.Build.0 = Debug|Any CPU
		{7826C15E-2203-4E68-84FD-2B6F5B73DF1D}.Release|Any CPU.ActiveCfg = Release|Any CPU
		{7826C15E-2203-4E68-84FD-2B6F5B73DF1D}.Release|Any CPU.Build.0 = Release|Any CPU
	EndGlobalSection
	GlobalSection(SolutionProperties) = preSolution
		HideSolutionNode = FALSE
	EndGlobalSection
	GlobalSection(ExtensibilityGlobals) = postSolution
		SolutionGuid = {6BEAB24B-2A75-4B4D-AF98-98A8AEF7BEFF}
	EndGlobalSection
EndGlobal
